
Microsoft Visual Studio Solution File, Format Version 12.00
# Visual Studio 2013
VisualStudioVersion = 12.0.30501.0
MinimumVisualStudioVersion = 10.0.40219.1
Project("{FAE04EC0-301F-11D3-BF4B-00C04F79EFBC}") = "ZWave", "zwavelib\ZWave.csproj", "{B4427C2E-4974-4DBC-9203-3947924C144D}"
EndProject
Project("{FAE04EC0-301F-11D3-BF4B-00C04F79EFBC}") = "OHM.Common", "Common\OHM.Common.csproj", "{F8C3C250-222D-49F4-9582-F7BA0DD6393E}"
EndProject
Project("{FAE04EC0-301F-11D3-BF4B-00C04F79EFBC}") = "OHM.WpfApp", "WpfApplication1\OHM.WpfApp.csproj", "{7AE3DB22-54D2-4C22-B0DE-0E399EFD1657}"
EndProject
Project("{FAE04EC0-301F-11D3-BF4B-00C04F79EFBC}") = "OHM", "OpenHomeMation\OHM.csproj", "{C5DF6E96-8157-4901-9CED-F75285AB8E49}"
EndProject
Project("{FAE04EC0-301F-11D3-BF4B-00C04F79EFBC}") = "OHM.Common.Public", "Common.Public\OHM.Common.Public.csproj", "{C7AE6787-9A8A-4EBC-A341-FFACF31ACAF7}"
EndProject
Project("{FAE04EC0-301F-11D3-BF4B-00C04F79EFBC}") = "OHM.Tests", "OHM.Tests\OHM.Tests.csproj", "{FC583E82-C9CC-4DFA-A8DE-294AB69E6380}"
EndProject
Project("{FAE04EC0-301F-11D3-BF4B-00C04F79EFBC}") = "OHM.Tests.Stub.Plugin", "OHM.Tests.Stub.Plugin\OHM.Tests.Stub.Plugin.csproj", "{01E4757F-F9C3-498F-88D4-2955FECE30A2}"
EndProject
Project("{2150E333-8FDC-42A3-9474-1A3956D46DE8}") = "OHM.Plugins", "OHM.Plugins", "{6EE2369D-2251-4E8C-93C1-2792A79AC692}"
EndProject
Project("{2150E333-8FDC-42A3-9474-1A3956D46DE8}") = "Tests", "Tests", "{06E8058D-7D7B-4A04-B567-CC3A9CC87073}"
	ProjectSection(SolutionItems) = preProject
		TestSettings1.testsettings = TestSettings1.testsettings
	EndProjectSection
EndProject
Project("{FAE04EC0-301F-11D3-BF4B-00C04F79EFBC}") = "UPNPControlPoint", "UPNPControlPoint\UPNPControlPoint.csproj", "{3DB57F59-9604-4380-8C99-33130E100926}"
EndProject
Project("{FAE04EC0-301F-11D3-BF4B-00C04F79EFBC}") = "OHM.Plugins.WUndergroundPlugin", "WUnderground\OHM.Plugins.WUndergroundPlugin.csproj", "{645A5CA5-0505-4312-9C73-364BC66C1F7C}"
EndProject
Project("{2150E333-8FDC-42A3-9474-1A3956D46DE8}") = "OHM", "OHM", "{A9DAFDAB-3662-426A-A666-176F7908D87C}"
EndProject
Project("{FAE04EC0-301F-11D3-BF4B-00C04F79EFBC}") = "OHM.Service", "OpenHomeMationService\OHM.Service.csproj", "{3E479F23-5600-4ED8-A92D-CB2EF42EB772}"
EndProject
Project("{FAE04EC0-301F-11D3-BF4B-00C04F79EFBC}") = "OHM.ConsoleApp", "ConsoleApplication1\OHM.ConsoleApp.csproj", "{49F24E32-D2D7-4495-942D-476F24724971}"
EndProject
Project("{FAE04EC0-301F-11D3-BF4B-00C04F79EFBC}") = "OHM.ServiceApp", "OhmClient\OHM.ServiceApp.csproj", "{475D962D-887D-43AE-9FEB-C5515A390334}"
EndProject
Project("{FAE04EC0-301F-11D3-BF4B-00C04F79EFBC}") = "WUnderground.test", "WUnderground.test\WUnderground.test.csproj", "{0450B235-BE6F-4159-99DC-EE9B90D6B39A}"
EndProject
Project("{FAE04EC0-301F-11D3-BF4B-00C04F79EFBC}") = "OHM.WebApp", "WebApplication1\OHM.WebApp.csproj", "{6BBF5F63-58D3-4A0D-A7EA-C6F66849FFFE}"
EndProject
Project("{FAE04EC0-301F-11D3-BF4B-00C04F79EFBC}") = "TimedCommand", "TimedCommand\TimedCommand.csproj", "{146221CA-A9CF-4C58-8178-989EACD0ACFB}"
EndProject
Project("{FAE04EC0-301F-11D3-BF4B-00C04F79EFBC}") = "ClipsAI", "ClipsAI\ClipsAI.csproj", "{8D0D41B4-8344-4C13-9769-5EF90FC1D93A}"
EndProject
Project("{2150E333-8FDC-42A3-9474-1A3956D46DE8}") = "OHM.ClipsAiPlugin", "OHM.ClipsAiPlugin", "{0FA50691-C699-4559-9175-A7434A3E1809}"
EndProject
Project("{FAE04EC0-301F-11D3-BF4B-00C04F79EFBC}") = "ClipsAi.UnitTests", "ClipsAi.UnitTests\ClipsAi.UnitTests.csproj", "{F94D4199-D387-43AC-8CA5-4FF45936D9DE}"
EndProject
Project("{2150E333-8FDC-42A3-9474-1A3956D46DE8}") = "OHM.WUndergroundPlugin", "OHM.WUndergroundPlugin", "{B5F2A21D-6284-40DB-995D-9BB2F812A2E1}"
EndProject
Project("{2150E333-8FDC-42A3-9474-1A3956D46DE8}") = "OHM.ZWavePlugin", "OHM.ZWavePlugin", "{EA7D8927-8967-47D8-8D7C-BB671FFBEBDD}"
EndProject
Project("{FAE04EC0-301F-11D3-BF4B-00C04F79EFBC}") = "OHM.Common.Public.Test", "OHM.Common.Public.Test\OHM.Common.Public.Test.csproj", "{CCDF03DF-8799-4FA1-8C39-920AD2F20A0B}"
EndProject
Project("{2150E333-8FDC-42A3-9474-1A3956D46DE8}") = "OHM.Apps", "OHM.Apps", "{561A2A01-774E-4A70-8BCD-0761EAFDBE46}"
EndProject
Project("{2150E333-8FDC-42A3-9474-1A3956D46DE8}") = "OHM.Services", "OHM.Services", "{706335E2-506B-43CA-AEAD-32C287777B6F}"
EndProject
Project("{2150E333-8FDC-42A3-9474-1A3956D46DE8}") = "OHM.TimedCommandPlugin", "OHM.TimedCommandPlugin", "{4E9FB312-5113-4D4C-BC5A-9907056A4D9F}"
EndProject
Project("{2150E333-8FDC-42A3-9474-1A3956D46DE8}") = "OHM.UPNPControlPointPlugin", "OHM.UPNPControlPointPlugin", "{BF92A4C6-0580-46BA-8214-EAECDED539CA}"
EndProject
Global
	GlobalSection(SolutionConfigurationPlatforms) = preSolution
		Debug|Any CPU = Debug|Any CPU
		Debug|x64 = Debug|x64
		Release|Any CPU = Release|Any CPU
		Release|x64 = Release|x64
	EndGlobalSection
	GlobalSection(ProjectConfigurationPlatforms) = postSolution
		{B4427C2E-4974-4DBC-9203-3947924C144D}.Debug|Any CPU.ActiveCfg = Debug|Any CPU
		{B4427C2E-4974-4DBC-9203-3947924C144D}.Debug|Any CPU.Build.0 = Debug|Any CPU
		{B4427C2E-4974-4DBC-9203-3947924C144D}.Debug|x64.ActiveCfg = Debug|Any CPU
		{B4427C2E-4974-4DBC-9203-3947924C144D}.Release|Any CPU.ActiveCfg = Release|Any CPU
		{B4427C2E-4974-4DBC-9203-3947924C144D}.Release|Any CPU.Build.0 = Release|Any CPU
		{B4427C2E-4974-4DBC-9203-3947924C144D}.Release|x64.ActiveCfg = Release|Any CPU
		{F8C3C250-222D-49F4-9582-F7BA0DD6393E}.Debug|Any CPU.ActiveCfg = Debug|Any CPU
		{F8C3C250-222D-49F4-9582-F7BA0DD6393E}.Debug|Any CPU.Build.0 = Debug|Any CPU
		{F8C3C250-222D-49F4-9582-F7BA0DD6393E}.Debug|x64.ActiveCfg = Debug|Any CPU
		{F8C3C250-222D-49F4-9582-F7BA0DD6393E}.Release|Any CPU.ActiveCfg = Release|Any CPU
		{F8C3C250-222D-49F4-9582-F7BA0DD6393E}.Release|Any CPU.Build.0 = Release|Any CPU
		{F8C3C250-222D-49F4-9582-F7BA0DD6393E}.Release|x64.ActiveCfg = Release|Any CPU
		{7AE3DB22-54D2-4C22-B0DE-0E399EFD1657}.Debug|Any CPU.ActiveCfg = Debug|Any CPU
		{7AE3DB22-54D2-4C22-B0DE-0E399EFD1657}.Debug|Any CPU.Build.0 = Debug|Any CPU
		{7AE3DB22-54D2-4C22-B0DE-0E399EFD1657}.Debug|x64.ActiveCfg = Debug|Any CPU
		{7AE3DB22-54D2-4C22-B0DE-0E399EFD1657}.Release|Any CPU.ActiveCfg = Release|Any CPU
		{7AE3DB22-54D2-4C22-B0DE-0E399EFD1657}.Release|Any CPU.Build.0 = Release|Any CPU
		{7AE3DB22-54D2-4C22-B0DE-0E399EFD1657}.Release|x64.ActiveCfg = Release|Any CPU
		{C5DF6E96-8157-4901-9CED-F75285AB8E49}.Debug|Any CPU.ActiveCfg = Debug|Any CPU
		{C5DF6E96-8157-4901-9CED-F75285AB8E49}.Debug|Any CPU.Build.0 = Debug|Any CPU
		{C5DF6E96-8157-4901-9CED-F75285AB8E49}.Debug|x64.ActiveCfg = Debug|Any CPU
		{C5DF6E96-8157-4901-9CED-F75285AB8E49}.Release|Any CPU.ActiveCfg = Release|Any CPU
		{C5DF6E96-8157-4901-9CED-F75285AB8E49}.Release|Any CPU.Build.0 = Release|Any CPU
		{C5DF6E96-8157-4901-9CED-F75285AB8E49}.Release|x64.ActiveCfg = Release|Any CPU
		{C7AE6787-9A8A-4EBC-A341-FFACF31ACAF7}.Debug|Any CPU.ActiveCfg = Debug|Any CPU
		{C7AE6787-9A8A-4EBC-A341-FFACF31ACAF7}.Debug|Any CPU.Build.0 = Debug|Any CPU
		{C7AE6787-9A8A-4EBC-A341-FFACF31ACAF7}.Debug|x64.ActiveCfg = Debug|Any CPU
		{C7AE6787-9A8A-4EBC-A341-FFACF31ACAF7}.Release|Any CPU.ActiveCfg = Release|Any CPU
		{C7AE6787-9A8A-4EBC-A341-FFACF31ACAF7}.Release|Any CPU.Build.0 = Release|Any CPU
		{C7AE6787-9A8A-4EBC-A341-FFACF31ACAF7}.Release|x64.ActiveCfg = Release|Any CPU
		{FC583E82-C9CC-4DFA-A8DE-294AB69E6380}.Debug|Any CPU.ActiveCfg = Debug|Any CPU
		{FC583E82-C9CC-4DFA-A8DE-294AB69E6380}.Debug|Any CPU.Build.0 = Debug|Any CPU
		{FC583E82-C9CC-4DFA-A8DE-294AB69E6380}.Debug|x64.ActiveCfg = Debug|Any CPU
		{FC583E82-C9CC-4DFA-A8DE-294AB69E6380}.Release|Any CPU.ActiveCfg = Release|Any CPU
		{FC583E82-C9CC-4DFA-A8DE-294AB69E6380}.Release|Any CPU.Build.0 = Release|Any CPU
		{FC583E82-C9CC-4DFA-A8DE-294AB69E6380}.Release|x64.ActiveCfg = Release|Any CPU
		{01E4757F-F9C3-498F-88D4-2955FECE30A2}.Debug|Any CPU.ActiveCfg = Debug|Any CPU
		{01E4757F-F9C3-498F-88D4-2955FECE30A2}.Debug|Any CPU.Build.0 = Debug|Any CPU
		{01E4757F-F9C3-498F-88D4-2955FECE30A2}.Debug|x64.ActiveCfg = Debug|Any CPU
		{01E4757F-F9C3-498F-88D4-2955FECE30A2}.Release|Any CPU.ActiveCfg = Release|Any CPU
		{01E4757F-F9C3-498F-88D4-2955FECE30A2}.Release|Any CPU.Build.0 = Release|Any CPU
		{01E4757F-F9C3-498F-88D4-2955FECE30A2}.Release|x64.ActiveCfg = Release|Any CPU
		{3DB57F59-9604-4380-8C99-33130E100926}.Debug|Any CPU.ActiveCfg = Debug|Any CPU
		{3DB57F59-9604-4380-8C99-33130E100926}.Debug|Any CPU.Build.0 = Debug|Any CPU
		{3DB57F59-9604-4380-8C99-33130E100926}.Debug|x64.ActiveCfg = Debug|Any CPU
		{3DB57F59-9604-4380-8C99-33130E100926}.Release|Any CPU.ActiveCfg = Release|Any CPU
		{3DB57F59-9604-4380-8C99-33130E100926}.Release|Any CPU.Build.0 = Release|Any CPU
		{3DB57F59-9604-4380-8C99-33130E100926}.Release|x64.ActiveCfg = Release|Any CPU
		{645A5CA5-0505-4312-9C73-364BC66C1F7C}.Debug|Any CPU.ActiveCfg = Debug|Any CPU
		{645A5CA5-0505-4312-9C73-364BC66C1F7C}.Debug|Any CPU.Build.0 = Debug|Any CPU
		{645A5CA5-0505-4312-9C73-364BC66C1F7C}.Debug|x64.ActiveCfg = Debug|Any CPU
		{645A5CA5-0505-4312-9C73-364BC66C1F7C}.Release|Any CPU.ActiveCfg = Release|Any CPU
		{645A5CA5-0505-4312-9C73-364BC66C1F7C}.Release|Any CPU.Build.0 = Release|Any CPU
		{645A5CA5-0505-4312-9C73-364BC66C1F7C}.Release|x64.ActiveCfg = Release|Any CPU
		{3E479F23-5600-4ED8-A92D-CB2EF42EB772}.Debug|Any CPU.ActiveCfg = Debug|Any CPU
		{3E479F23-5600-4ED8-A92D-CB2EF42EB772}.Debug|Any CPU.Build.0 = Debug|Any CPU
		{3E479F23-5600-4ED8-A92D-CB2EF42EB772}.Debug|x64.ActiveCfg = Debug|Any CPU
		{3E479F23-5600-4ED8-A92D-CB2EF42EB772}.Release|Any CPU.ActiveCfg = Release|Any CPU
		{3E479F23-5600-4ED8-A92D-CB2EF42EB772}.Release|Any CPU.Build.0 = Release|Any CPU
		{3E479F23-5600-4ED8-A92D-CB2EF42EB772}.Release|x64.ActiveCfg = Release|Any CPU
		{49F24E32-D2D7-4495-942D-476F24724971}.Debug|Any CPU.ActiveCfg = Debug|Any CPU
		{49F24E32-D2D7-4495-942D-476F24724971}.Debug|Any CPU.Build.0 = Debug|Any CPU
		{49F24E32-D2D7-4495-942D-476F24724971}.Debug|x64.ActiveCfg = Debug|Any CPU
		{49F24E32-D2D7-4495-942D-476F24724971}.Release|Any CPU.ActiveCfg = Release|Any CPU
		{49F24E32-D2D7-4495-942D-476F24724971}.Release|Any CPU.Build.0 = Release|Any CPU
		{49F24E32-D2D7-4495-942D-476F24724971}.Release|x64.ActiveCfg = Release|Any CPU
		{475D962D-887D-43AE-9FEB-C5515A390334}.Debug|Any CPU.ActiveCfg = Debug|Any CPU
		{475D962D-887D-43AE-9FEB-C5515A390334}.Debug|Any CPU.Build.0 = Debug|Any CPU
		{475D962D-887D-43AE-9FEB-C5515A390334}.Debug|x64.ActiveCfg = Debug|Any CPU
		{475D962D-887D-43AE-9FEB-C5515A390334}.Release|Any CPU.ActiveCfg = Release|Any CPU
		{475D962D-887D-43AE-9FEB-C5515A390334}.Release|Any CPU.Build.0 = Release|Any CPU
		{475D962D-887D-43AE-9FEB-C5515A390334}.Release|x64.ActiveCfg = Release|Any CPU
		{0450B235-BE6F-4159-99DC-EE9B90D6B39A}.Debug|Any CPU.ActiveCfg = Debug|Any CPU
		{0450B235-BE6F-4159-99DC-EE9B90D6B39A}.Debug|Any CPU.Build.0 = Debug|Any CPU
		{0450B235-BE6F-4159-99DC-EE9B90D6B39A}.Debug|x64.ActiveCfg = Debug|Any CPU
		{0450B235-BE6F-4159-99DC-EE9B90D6B39A}.Release|Any CPU.ActiveCfg = Release|Any CPU
		{0450B235-BE6F-4159-99DC-EE9B90D6B39A}.Release|Any CPU.Build.0 = Release|Any CPU
		{0450B235-BE6F-4159-99DC-EE9B90D6B39A}.Release|x64.ActiveCfg = Release|Any CPU
		{6BBF5F63-58D3-4A0D-A7EA-C6F66849FFFE}.Debug|Any CPU.ActiveCfg = Debug|Any CPU
		{6BBF5F63-58D3-4A0D-A7EA-C6F66849FFFE}.Debug|Any CPU.Build.0 = Debug|Any CPU
		{6BBF5F63-58D3-4A0D-A7EA-C6F66849FFFE}.Debug|x64.ActiveCfg = Debug|Any CPU
		{6BBF5F63-58D3-4A0D-A7EA-C6F66849FFFE}.Release|Any CPU.ActiveCfg = Release|Any CPU
		{6BBF5F63-58D3-4A0D-A7EA-C6F66849FFFE}.Release|Any CPU.Build.0 = Release|Any CPU
		{6BBF5F63-58D3-4A0D-A7EA-C6F66849FFFE}.Release|x64.ActiveCfg = Release|Any CPU
		{146221CA-A9CF-4C58-8178-989EACD0ACFB}.Debug|Any CPU.ActiveCfg = Debug|Any CPU
		{146221CA-A9CF-4C58-8178-989EACD0ACFB}.Debug|Any CPU.Build.0 = Debug|Any CPU
		{146221CA-A9CF-4C58-8178-989EACD0ACFB}.Debug|x64.ActiveCfg = Debug|Any CPU
		{146221CA-A9CF-4C58-8178-989EACD0ACFB}.Release|Any CPU.ActiveCfg = Release|Any CPU
		{146221CA-A9CF-4C58-8178-989EACD0ACFB}.Release|Any CPU.Build.0 = Release|Any CPU
		{146221CA-A9CF-4C58-8178-989EACD0ACFB}.Release|x64.ActiveCfg = Release|Any CPU
		{8D0D41B4-8344-4C13-9769-5EF90FC1D93A}.Debug|Any CPU.ActiveCfg = Debug|Any CPU
		{8D0D41B4-8344-4C13-9769-5EF90FC1D93A}.Debug|Any CPU.Build.0 = Debug|Any CPU
		{8D0D41B4-8344-4C13-9769-5EF90FC1D93A}.Debug|x64.ActiveCfg = Debug|Any CPU
		{8D0D41B4-8344-4C13-9769-5EF90FC1D93A}.Release|Any CPU.ActiveCfg = Release|Any CPU
		{8D0D41B4-8344-4C13-9769-5EF90FC1D93A}.Release|Any CPU.Build.0 = Release|Any CPU
		{8D0D41B4-8344-4C13-9769-5EF90FC1D93A}.Release|x64.ActiveCfg = Release|x64
		{8D0D41B4-8344-4C13-9769-5EF90FC1D93A}.Release|x64.Build.0 = Release|x64
		{F94D4199-D387-43AC-8CA5-4FF45936D9DE}.Debug|Any CPU.ActiveCfg = Debug|Any CPU
		{F94D4199-D387-43AC-8CA5-4FF45936D9DE}.Debug|Any CPU.Build.0 = Debug|Any CPU
		{F94D4199-D387-43AC-8CA5-4FF45936D9DE}.Debug|x64.ActiveCfg = Debug|Any CPU
		{F94D4199-D387-43AC-8CA5-4FF45936D9DE}.Debug|x64.Build.0 = Debug|Any CPU
		{F94D4199-D387-43AC-8CA5-4FF45936D9DE}.Release|Any CPU.ActiveCfg = Release|Any CPU
		{F94D4199-D387-43AC-8CA5-4FF45936D9DE}.Release|Any CPU.Build.0 = Release|Any CPU
		{F94D4199-D387-43AC-8CA5-4FF45936D9DE}.Release|x64.ActiveCfg = Release|Any CPU
		{CCDF03DF-8799-4FA1-8C39-920AD2F20A0B}.Debug|Any CPU.ActiveCfg = Debug|Any CPU
		{CCDF03DF-8799-4FA1-8C39-920AD2F20A0B}.Debug|Any CPU.Build.0 = Debug|Any CPU
		{CCDF03DF-8799-4FA1-8C39-920AD2F20A0B}.Debug|x64.ActiveCfg = Debug|Any CPU
		{CCDF03DF-8799-4FA1-8C39-920AD2F20A0B}.Release|Any CPU.ActiveCfg = Release|Any CPU
		{CCDF03DF-8799-4FA1-8C39-920AD2F20A0B}.Release|Any CPU.Build.0 = Release|Any CPU
		{CCDF03DF-8799-4FA1-8C39-920AD2F20A0B}.Release|x64.ActiveCfg = Release|Any CPU
	EndGlobalSection
	GlobalSection(SolutionProperties) = preSolution
		HideSolutionNode = FALSE
	EndGlobalSection
	GlobalSection(NestedProjects) = preSolution
		{B4427C2E-4974-4DBC-9203-3947924C144D} = {EA7D8927-8967-47D8-8D7C-BB671FFBEBDD}
		{F8C3C250-222D-49F4-9582-F7BA0DD6393E} = {A9DAFDAB-3662-426A-A666-176F7908D87C}
		{7AE3DB22-54D2-4C22-B0DE-0E399EFD1657} = {561A2A01-774E-4A70-8BCD-0761EAFDBE46}
		{C5DF6E96-8157-4901-9CED-F75285AB8E49} = {A9DAFDAB-3662-426A-A666-176F7908D87C}
		{C7AE6787-9A8A-4EBC-A341-FFACF31ACAF7} = {A9DAFDAB-3662-426A-A666-176F7908D87C}
		{FC583E82-C9CC-4DFA-A8DE-294AB69E6380} = {06E8058D-7D7B-4A04-B567-CC3A9CC87073}
		{01E4757F-F9C3-498F-88D4-2955FECE30A2} = {06E8058D-7D7B-4A04-B567-CC3A9CC87073}
		{06E8058D-7D7B-4A04-B567-CC3A9CC87073} = {A9DAFDAB-3662-426A-A666-176F7908D87C}
		{3DB57F59-9604-4380-8C99-33130E100926} = {BF92A4C6-0580-46BA-8214-EAECDED539CA}
		{645A5CA5-0505-4312-9C73-364BC66C1F7C} = {B5F2A21D-6284-40DB-995D-9BB2F812A2E1}
		{3E479F23-5600-4ED8-A92D-CB2EF42EB772} = {706335E2-506B-43CA-AEAD-32C287777B6F}
		{49F24E32-D2D7-4495-942D-476F24724971} = {561A2A01-774E-4A70-8BCD-0761EAFDBE46}
		{475D962D-887D-43AE-9FEB-C5515A390334} = {561A2A01-774E-4A70-8BCD-0761EAFDBE46}
		{0450B235-BE6F-4159-99DC-EE9B90D6B39A} = {B5F2A21D-6284-40DB-995D-9BB2F812A2E1}
		{6BBF5F63-58D3-4A0D-A7EA-C6F66849FFFE} = {561A2A01-774E-4A70-8BCD-0761EAFDBE46}
		{146221CA-A9CF-4C58-8178-989EACD0ACFB} = {4E9FB312-5113-4D4C-BC5A-9907056A4D9F}
		{8D0D41B4-8344-4C13-9769-5EF90FC1D93A} = {0FA50691-C699-4559-9175-A7434A3E1809}
		{0FA50691-C699-4559-9175-A7434A3E1809} = {6EE2369D-2251-4E8C-93C1-2792A79AC692}
		{F94D4199-D387-43AC-8CA5-4FF45936D9DE} = {0FA50691-C699-4559-9175-A7434A3E1809}
		{B5F2A21D-6284-40DB-995D-9BB2F812A2E1} = {6EE2369D-2251-4E8C-93C1-2792A79AC692}
		{EA7D8927-8967-47D8-8D7C-BB671FFBEBDD} = {6EE2369D-2251-4E8C-93C1-2792A79AC692}
		{CCDF03DF-8799-4FA1-8C39-920AD2F20A0B} = {06E8058D-7D7B-4A04-B567-CC3A9CC87073}
		{4E9FB312-5113-4D4C-BC5A-9907056A4D9F} = {6EE2369D-2251-4E8C-93C1-2792A79AC692}
		{BF92A4C6-0580-46BA-8214-EAECDED539CA} = {6EE2369D-2251-4E8C-93C1-2792A79AC692}
	EndGlobalSection
EndGlobal
