
Microsoft Visual Studio Solution File, Format Version 12.00
# Visual Studio 2013
VisualStudioVersion = 12.0.30501.0
MinimumVisualStudioVersion = 10.0.40219.1
Project("{FAE04EC0-301F-11D3-BF4B-00C04F79EFBC}") = "ZWaveLib", "zwavelib\ZWaveLib.csproj", "{B4427C2E-4974-4DBC-9203-3947924C144D}"
EndProject
Project("{FAE04EC0-301F-11D3-BF4B-00C04F79EFBC}") = "Common", "Common\Common.csproj", "{F8C3C250-222D-49F4-9582-F7BA0DD6393E}"
EndProject
Project("{FAE04EC0-301F-11D3-BF4B-00C04F79EFBC}") = "WpfApplication1", "WpfApplication1\WpfApplication1.csproj", "{7AE3DB22-54D2-4C22-B0DE-0E399EFD1657}"
EndProject
Project("{FAE04EC0-301F-11D3-BF4B-00C04F79EFBC}") = "OpenHomeMation", "OpenHomeMation\OpenHomeMation.csproj", "{C5DF6E96-8157-4901-9CED-F75285AB8E49}"
EndProject
Project("{FAE04EC0-301F-11D3-BF4B-00C04F79EFBC}") = "Common.Public", "Common.Public\Common.Public.csproj", "{C7AE6787-9A8A-4EBC-A341-FFACF31ACAF7}"
EndProject
Project("{FAE04EC0-301F-11D3-BF4B-00C04F79EFBC}") = "OHM.Tests", "OHM.Tests\OHM.Tests.csproj", "{FC583E82-C9CC-4DFA-A8DE-294AB69E6380}"
EndProject
Project("{FAE04EC0-301F-11D3-BF4B-00C04F79EFBC}") = "OHM.Tests.Stub.Plugin", "OHM.Tests.Stub.Plugin\OHM.Tests.Stub.Plugin.csproj", "{01E4757F-F9C3-498F-88D4-2955FECE30A2}"
EndProject
Project("{2150E333-8FDC-42A3-9474-1A3956D46DE8}") = "Plugins", "Plugins", "{6EE2369D-2251-4E8C-93C1-2792A79AC692}"
EndProject
Project("{2150E333-8FDC-42A3-9474-1A3956D46DE8}") = "Tests", "Tests", "{06E8058D-7D7B-4A04-B567-CC3A9CC87073}"
EndProject
Project("{FAE04EC0-301F-11D3-BF4B-00C04F79EFBC}") = "UPNPControlPoint", "UPNPControlPoint\UPNPControlPoint.csproj", "{3DB57F59-9604-4380-8C99-33130E100926}"
EndProject
Project("{FAE04EC0-301F-11D3-BF4B-00C04F79EFBC}") = "WUnderground", "WUnderground\WUnderground.csproj", "{645A5CA5-0505-4312-9C73-364BC66C1F7C}"
EndProject
Global
	GlobalSection(SolutionConfigurationPlatforms) = preSolution
		Debug|Any CPU = Debug|Any CPU
		Release|Any CPU = Release|Any CPU
	EndGlobalSection
	GlobalSection(ProjectConfigurationPlatforms) = postSolution
		{B4427C2E-4974-4DBC-9203-3947924C144D}.Debug|Any CPU.ActiveCfg = Debug|Any CPU
		{B4427C2E-4974-4DBC-9203-3947924C144D}.Debug|Any CPU.Build.0 = Debug|Any CPU
		{B4427C2E-4974-4DBC-9203-3947924C144D}.Release|Any CPU.ActiveCfg = Release|Any CPU
		{B4427C2E-4974-4DBC-9203-3947924C144D}.Release|Any CPU.Build.0 = Release|Any CPU
		{F8C3C250-222D-49F4-9582-F7BA0DD6393E}.Debug|Any CPU.ActiveCfg = Debug|Any CPU
		{F8C3C250-222D-49F4-9582-F7BA0DD6393E}.Debug|Any CPU.Build.0 = Debug|Any CPU
		{F8C3C250-222D-49F4-9582-F7BA0DD6393E}.Release|Any CPU.ActiveCfg = Release|Any CPU
		{F8C3C250-222D-49F4-9582-F7BA0DD6393E}.Release|Any CPU.Build.0 = Release|Any CPU
		{7AE3DB22-54D2-4C22-B0DE-0E399EFD1657}.Debug|Any CPU.ActiveCfg = Debug|Any CPU
		{7AE3DB22-54D2-4C22-B0DE-0E399EFD1657}.Debug|Any CPU.Build.0 = Debug|Any CPU
		{7AE3DB22-54D2-4C22-B0DE-0E399EFD1657}.Release|Any CPU.ActiveCfg = Release|Any CPU
		{7AE3DB22-54D2-4C22-B0DE-0E399EFD1657}.Release|Any CPU.Build.0 = Release|Any CPU
		{C5DF6E96-8157-4901-9CED-F75285AB8E49}.Debug|Any CPU.ActiveCfg = Debug|Any CPU
		{C5DF6E96-8157-4901-9CED-F75285AB8E49}.Debug|Any CPU.Build.0 = Debug|Any CPU
		{C5DF6E96-8157-4901-9CED-F75285AB8E49}.Release|Any CPU.ActiveCfg = Release|Any CPU
		{C5DF6E96-8157-4901-9CED-F75285AB8E49}.Release|Any CPU.Build.0 = Release|Any CPU
		{C7AE6787-9A8A-4EBC-A341-FFACF31ACAF7}.Debug|Any CPU.ActiveCfg = Debug|Any CPU
		{C7AE6787-9A8A-4EBC-A341-FFACF31ACAF7}.Debug|Any CPU.Build.0 = Debug|Any CPU
		{C7AE6787-9A8A-4EBC-A341-FFACF31ACAF7}.Release|Any CPU.ActiveCfg = Release|Any CPU
		{C7AE6787-9A8A-4EBC-A341-FFACF31ACAF7}.Release|Any CPU.Build.0 = Release|Any CPU
		{FC583E82-C9CC-4DFA-A8DE-294AB69E6380}.Debug|Any CPU.ActiveCfg = Debug|Any CPU
		{FC583E82-C9CC-4DFA-A8DE-294AB69E6380}.Debug|Any CPU.Build.0 = Debug|Any CPU
		{FC583E82-C9CC-4DFA-A8DE-294AB69E6380}.Release|Any CPU.ActiveCfg = Release|Any CPU
		{FC583E82-C9CC-4DFA-A8DE-294AB69E6380}.Release|Any CPU.Build.0 = Release|Any CPU
		{01E4757F-F9C3-498F-88D4-2955FECE30A2}.Debug|Any CPU.ActiveCfg = Debug|Any CPU
		{01E4757F-F9C3-498F-88D4-2955FECE30A2}.Debug|Any CPU.Build.0 = Debug|Any CPU
		{01E4757F-F9C3-498F-88D4-2955FECE30A2}.Release|Any CPU.ActiveCfg = Release|Any CPU
		{01E4757F-F9C3-498F-88D4-2955FECE30A2}.Release|Any CPU.Build.0 = Release|Any CPU
		{3DB57F59-9604-4380-8C99-33130E100926}.Debug|Any CPU.ActiveCfg = Debug|Any CPU
		{3DB57F59-9604-4380-8C99-33130E100926}.Debug|Any CPU.Build.0 = Debug|Any CPU
		{3DB57F59-9604-4380-8C99-33130E100926}.Release|Any CPU.ActiveCfg = Release|Any CPU
		{3DB57F59-9604-4380-8C99-33130E100926}.Release|Any CPU.Build.0 = Release|Any CPU
		{645A5CA5-0505-4312-9C73-364BC66C1F7C}.Debug|Any CPU.ActiveCfg = Debug|Any CPU
		{645A5CA5-0505-4312-9C73-364BC66C1F7C}.Debug|Any CPU.Build.0 = Debug|Any CPU
		{645A5CA5-0505-4312-9C73-364BC66C1F7C}.Release|Any CPU.ActiveCfg = Release|Any CPU
		{645A5CA5-0505-4312-9C73-364BC66C1F7C}.Release|Any CPU.Build.0 = Release|Any CPU
	EndGlobalSection
	GlobalSection(SolutionProperties) = preSolution
		HideSolutionNode = FALSE
	EndGlobalSection
	GlobalSection(NestedProjects) = preSolution
		{B4427C2E-4974-4DBC-9203-3947924C144D} = {6EE2369D-2251-4E8C-93C1-2792A79AC692}
		{FC583E82-C9CC-4DFA-A8DE-294AB69E6380} = {06E8058D-7D7B-4A04-B567-CC3A9CC87073}
		{01E4757F-F9C3-498F-88D4-2955FECE30A2} = {06E8058D-7D7B-4A04-B567-CC3A9CC87073}
		{3DB57F59-9604-4380-8C99-33130E100926} = {6EE2369D-2251-4E8C-93C1-2792A79AC692}
		{645A5CA5-0505-4312-9C73-364BC66C1F7C} = {6EE2369D-2251-4E8C-93C1-2792A79AC692}
	EndGlobalSection
EndGlobal
